
Microsoft Visual Studio Solution File, Format Version 12.00
# Visual Studio 2012
Project("{FAE04EC0-301F-11D3-BF4B-00C04F79EFBC}") = "OHMdriver", "OHMdriver\OHMdriver.csproj", "{6E71AB7E-20B0-456A-A0FB-2FA7C25B72AA}"
EndProject
Global
	GlobalSection(SolutionConfigurationPlatforms) = preSolution
		Debug|Any CPU = Debug|Any CPU
		Release|Any CPU = Release|Any CPU
	EndGlobalSection
	GlobalSection(ProjectConfigurationPlatforms) = postSolution
		{6E71AB7E-20B0-456A-A0FB-2FA7C25B72AA}.Debug|Any CPU.ActiveCfg = Debug|Any CPU
		{6E71AB7E-20B0-456A-A0FB-2FA7C25B72AA}.Debug|Any CPU.Build.0 = Debug|Any CPU
		{6E71AB7E-20B0-456A-A0FB-2FA7C25B72AA}.Release|Any CPU.ActiveCfg = Release|Any CPU
		{6E71AB7E-20B0-456A-A0FB-2FA7C25B72AA}.Release|Any CPU.Build.0 = Release|Any CPU
	EndGlobalSection
	GlobalSection(SolutionProperties) = preSolution
		HideSolutionNode = FALSE
	EndGlobalSection
EndGlobal
